
Microsoft Visual Studio Solution File, Format Version 12.00
# Visual Studio Version 16
VisualStudioVersion = 16.0.30717.126
MinimumVisualStudioVersion = 10.0.40219.1
Project("{FAE04EC0-301F-11D3-BF4B-00C04F79EFBC}") = "DZ10", "DZ10\DZ10.csproj", "{1DD9E1E5-56A8-4E39-8F95-91C7EFE6773B}"
EndProject
Global
	GlobalSection(SolutionConfigurationPlatforms) = preSolution
		Debug|Any CPU = Debug|Any CPU
		Release|Any CPU = Release|Any CPU
	EndGlobalSection
	GlobalSection(ProjectConfigurationPlatforms) = postSolution
		{1DD9E1E5-56A8-4E39-8F95-91C7EFE6773B}.Debug|Any CPU.ActiveCfg = Debug|Any CPU
		{1DD9E1E5-56A8-4E39-8F95-91C7EFE6773B}.Debug|Any CPU.Build.0 = Debug|Any CPU
		{1DD9E1E5-56A8-4E39-8F95-91C7EFE6773B}.Release|Any CPU.ActiveCfg = Release|Any CPU
		{1DD9E1E5-56A8-4E39-8F95-91C7EFE6773B}.Release|Any CPU.Build.0 = Release|Any CPU
	EndGlobalSection
	GlobalSection(SolutionProperties) = preSolution
		HideSolutionNode = FALSE
	EndGlobalSection
	GlobalSection(ExtensibilityGlobals) = postSolution
		SolutionGuid = {1E7301AD-E7A7-4153-AD6F-85C66AAF6E6A}
	EndGlobalSection
EndGlobal
